
Microsoft Visual Studio Solution File, Format Version 12.00
# Visual Studio Version 16
VisualStudioVersion = 16.0.30114.105
MinimumVisualStudioVersion = 10.0.40219.1
Project("{FAE04EC0-301F-11D3-BF4B-00C04F79EFBC}") = "API", "API\API.csproj", "{58C26280-70DA-4A52-A338-B2F02DA069E6}"
EndProject
Project("{FAE04EC0-301F-11D3-BF4B-00C04F79EFBC}") = "Application", "Application\Application.csproj", "{AB1882DE-396A-400A-93CA-AEACC9F330D9}"
EndProject
Project("{FAE04EC0-301F-11D3-BF4B-00C04F79EFBC}") = "Domain", "Domain\Domain.csproj", "{B8FA27A6-4F3E-43A4-B910-5BB032D0127D}"
EndProject
Project("{FAE04EC0-301F-11D3-BF4B-00C04F79EFBC}") = "Persistence", "Persistence\Persistence.csproj", "{E67ABF08-6691-4395-8D69-553CE9AA819C}"
EndProject
Global
	GlobalSection(SolutionConfigurationPlatforms) = preSolution
		Debug|Any CPU = Debug|Any CPU
		Debug|x64 = Debug|x64
		Debug|x86 = Debug|x86
		Release|Any CPU = Release|Any CPU
		Release|x64 = Release|x64
		Release|x86 = Release|x86
	EndGlobalSection
	GlobalSection(SolutionProperties) = preSolution
		HideSolutionNode = FALSE
	EndGlobalSection
	GlobalSection(ProjectConfigurationPlatforms) = postSolution
		{58C26280-70DA-4A52-A338-B2F02DA069E6}.Debug|Any CPU.ActiveCfg = Debug|Any CPU
		{58C26280-70DA-4A52-A338-B2F02DA069E6}.Debug|Any CPU.Build.0 = Debug|Any CPU
		{58C26280-70DA-4A52-A338-B2F02DA069E6}.Debug|x64.ActiveCfg = Debug|Any CPU
		{58C26280-70DA-4A52-A338-B2F02DA069E6}.Debug|x64.Build.0 = Debug|Any CPU
		{58C26280-70DA-4A52-A338-B2F02DA069E6}.Debug|x86.ActiveCfg = Debug|Any CPU
		{58C26280-70DA-4A52-A338-B2F02DA069E6}.Debug|x86.Build.0 = Debug|Any CPU
		{58C26280-70DA-4A52-A338-B2F02DA069E6}.Release|Any CPU.ActiveCfg = Release|Any CPU
		{58C26280-70DA-4A52-A338-B2F02DA069E6}.Release|Any CPU.Build.0 = Release|Any CPU
		{58C26280-70DA-4A52-A338-B2F02DA069E6}.Release|x64.ActiveCfg = Release|Any CPU
		{58C26280-70DA-4A52-A338-B2F02DA069E6}.Release|x64.Build.0 = Release|Any CPU
		{58C26280-70DA-4A52-A338-B2F02DA069E6}.Release|x86.ActiveCfg = Release|Any CPU
		{58C26280-70DA-4A52-A338-B2F02DA069E6}.Release|x86.Build.0 = Release|Any CPU
		{AB1882DE-396A-400A-93CA-AEACC9F330D9}.Debug|Any CPU.ActiveCfg = Debug|Any CPU
		{AB1882DE-396A-400A-93CA-AEACC9F330D9}.Debug|Any CPU.Build.0 = Debug|Any CPU
		{AB1882DE-396A-400A-93CA-AEACC9F330D9}.Debug|x64.ActiveCfg = Debug|Any CPU
		{AB1882DE-396A-400A-93CA-AEACC9F330D9}.Debug|x64.Build.0 = Debug|Any CPU
		{AB1882DE-396A-400A-93CA-AEACC9F330D9}.Debug|x86.ActiveCfg = Debug|Any CPU
		{AB1882DE-396A-400A-93CA-AEACC9F330D9}.Debug|x86.Build.0 = Debug|Any CPU
		{AB1882DE-396A-400A-93CA-AEACC9F330D9}.Release|Any CPU.ActiveCfg = Release|Any CPU
		{AB1882DE-396A-400A-93CA-AEACC9F330D9}.Release|Any CPU.Build.0 = Release|Any CPU
		{AB1882DE-396A-400A-93CA-AEACC9F330D9}.Release|x64.ActiveCfg = Release|Any CPU
		{AB1882DE-396A-400A-93CA-AEACC9F330D9}.Release|x64.Build.0 = Release|Any CPU
		{AB1882DE-396A-400A-93CA-AEACC9F330D9}.Release|x86.ActiveCfg = Release|Any CPU
		{AB1882DE-396A-400A-93CA-AEACC9F330D9}.Release|x86.Build.0 = Release|Any CPU
		{B8FA27A6-4F3E-43A4-B910-5BB032D0127D}.Debug|Any CPU.ActiveCfg = Debug|Any CPU
		{B8FA27A6-4F3E-43A4-B910-5BB032D0127D}.Debug|Any CPU.Build.0 = Debug|Any CPU
		{B8FA27A6-4F3E-43A4-B910-5BB032D0127D}.Debug|x64.ActiveCfg = Debug|Any CPU
		{B8FA27A6-4F3E-43A4-B910-5BB032D0127D}.Debug|x64.Build.0 = Debug|Any CPU
		{B8FA27A6-4F3E-43A4-B910-5BB032D0127D}.Debug|x86.ActiveCfg = Debug|Any CPU
		{B8FA27A6-4F3E-43A4-B910-5BB032D0127D}.Debug|x86.Build.0 = Debug|Any CPU
		{B8FA27A6-4F3E-43A4-B910-5BB032D0127D}.Release|Any CPU.ActiveCfg = Release|Any CPU
		{B8FA27A6-4F3E-43A4-B910-5BB032D0127D}.Release|Any CPU.Build.0 = Release|Any CPU
		{B8FA27A6-4F3E-43A4-B910-5BB032D0127D}.Release|x64.ActiveCfg = Release|Any CPU
		{B8FA27A6-4F3E-43A4-B910-5BB032D0127D}.Release|x64.Build.0 = Release|Any CPU
		{B8FA27A6-4F3E-43A4-B910-5BB032D0127D}.Release|x86.ActiveCfg = Release|Any CPU
		{B8FA27A6-4F3E-43A4-B910-5BB032D0127D}.Release|x86.Build.0 = Release|Any CPU
		{E67ABF08-6691-4395-8D69-553CE9AA819C}.Debug|Any CPU.ActiveCfg = Debug|Any CPU
		{E67ABF08-6691-4395-8D69-553CE9AA819C}.Debug|Any CPU.Build.0 = Debug|Any CPU
		{E67ABF08-6691-4395-8D69-553CE9AA819C}.Debug|x64.ActiveCfg = Debug|Any CPU
		{E67ABF08-6691-4395-8D69-553CE9AA819C}.Debug|x64.Build.0 = Debug|Any CPU
		{E67ABF08-6691-4395-8D69-553CE9AA819C}.Debug|x86.ActiveCfg = Debug|Any CPU
		{E67ABF08-6691-4395-8D69-553CE9AA819C}.Debug|x86.Build.0 = Debug|Any CPU
		{E67ABF08-6691-4395-8D69-553CE9AA819C}.Release|Any CPU.ActiveCfg = Release|Any CPU
		{E67ABF08-6691-4395-8D69-553CE9AA819C}.Release|Any CPU.Build.0 = Release|Any CPU
		{E67ABF08-6691-4395-8D69-553CE9AA819C}.Release|x64.ActiveCfg = Release|Any CPU
		{E67ABF08-6691-4395-8D69-553CE9AA819C}.Release|x64.Build.0 = Release|Any CPU
		{E67ABF08-6691-4395-8D69-553CE9AA819C}.Release|x86.ActiveCfg = Release|Any CPU
		{E67ABF08-6691-4395-8D69-553CE9AA819C}.Release|x86.Build.0 = Release|Any CPU
	EndGlobalSection
EndGlobal
